
Microsoft Visual Studio Solution File, Format Version 12.00
# Visual Studio Version 16
VisualStudioVersion = 16.0.28917.182
MinimumVisualStudioVersion = 10.0.40219.1
Project("{9A19103F-16F7-4668-BE54-9A1E7A4F7556}") = "SportsStore", "SportsStore\SportsStore.csproj", "{478221A9-C9C6-4ADE-BAD0-90618D53F15B}"
EndProject
Project("{9A19103F-16F7-4668-BE54-9A1E7A4F7556}") = "SportsStore.Tests", "SportsStore.Tests\SportsStore.Tests.csproj", "{8A847FE8-0A41-45B9-BD71-893A0FC9A288}"
EndProject
Global
	GlobalSection(SolutionConfigurationPlatforms) = preSolution
		Debug|Any CPU = Debug|Any CPU
		Release|Any CPU = Release|Any CPU
	EndGlobalSection
	GlobalSection(ProjectConfigurationPlatforms) = postSolution
		{478221A9-C9C6-4ADE-BAD0-90618D53F15B}.Debug|Any CPU.ActiveCfg = Debug|Any CPU
		{478221A9-C9C6-4ADE-BAD0-90618D53F15B}.Debug|Any CPU.Build.0 = Debug|Any CPU
		{478221A9-C9C6-4ADE-BAD0-90618D53F15B}.Release|Any CPU.ActiveCfg = Release|Any CPU
		{478221A9-C9C6-4ADE-BAD0-90618D53F15B}.Release|Any CPU.Build.0 = Release|Any CPU
		{8A847FE8-0A41-45B9-BD71-893A0FC9A288}.Debug|Any CPU.ActiveCfg = Debug|Any CPU
		{8A847FE8-0A41-45B9-BD71-893A0FC9A288}.Debug|Any CPU.Build.0 = Debug|Any CPU
		{8A847FE8-0A41-45B9-BD71-893A0FC9A288}.Release|Any CPU.ActiveCfg = Release|Any CPU
		{8A847FE8-0A41-45B9-BD71-893A0FC9A288}.Release|Any CPU.Build.0 = Release|Any CPU
	EndGlobalSection
	GlobalSection(SolutionProperties) = preSolution
		HideSolutionNode = FALSE
	EndGlobalSection
	GlobalSection(ExtensibilityGlobals) = postSolution
		SolutionGuid = {964DCB01-C854-4405-8FE2-772898FF03BF}
	EndGlobalSection
EndGlobal
